
Microsoft Visual Studio Solution File, Format Version 12.00
# Visual Studio Version 16
VisualStudioVersion = 16.0.31515.178
MinimumVisualStudioVersion = 10.0.40219.1
Project("{FAE04EC0-301F-11D3-BF4B-00C04F79EFBC}") = "GraphSearches", "GraphSearches\GraphSearches.csproj", "{7646F559-6FC8-4245-9CB7-F4BCF6D9FFF6}"
EndProject
Global
	GlobalSection(SolutionConfigurationPlatforms) = preSolution
		Debug|Any CPU = Debug|Any CPU
		Release|Any CPU = Release|Any CPU
	EndGlobalSection
	GlobalSection(ProjectConfigurationPlatforms) = postSolution
		{7646F559-6FC8-4245-9CB7-F4BCF6D9FFF6}.Debug|Any CPU.ActiveCfg = Debug|Any CPU
		{7646F559-6FC8-4245-9CB7-F4BCF6D9FFF6}.Debug|Any CPU.Build.0 = Debug|Any CPU
		{7646F559-6FC8-4245-9CB7-F4BCF6D9FFF6}.Release|Any CPU.ActiveCfg = Release|Any CPU
		{7646F559-6FC8-4245-9CB7-F4BCF6D9FFF6}.Release|Any CPU.Build.0 = Release|Any CPU
	EndGlobalSection
	GlobalSection(SolutionProperties) = preSolution
		HideSolutionNode = FALSE
	EndGlobalSection
	GlobalSection(ExtensibilityGlobals) = postSolution
		SolutionGuid = {534E2004-C26A-46C8-80F3-F573918B9C4F}
	EndGlobalSection
EndGlobal
